
Microsoft Visual Studio Solution File, Format Version 12.00
# Visual Studio Version 16
VisualStudioVersion = 16.0.29521.150
MinimumVisualStudioVersion = 10.0.40219.1
Project("{FAE04EC0-301F-11D3-BF4B-00C04F79EFBC}") = "SimpleFrameworkApp", "SimpleFrameworkApp.csproj", "{48A07BB6-7D34-425A-8BB7-C8122129D407}"
EndProject
Global
	GlobalSection(SolutionConfigurationPlatforms) = preSolution
		Debug|Any CPU = Debug|Any CPU
		Release|Any CPU = Release|Any CPU
	EndGlobalSection
	GlobalSection(ProjectConfigurationPlatforms) = postSolution
		{48A07BB6-7D34-425A-8BB7-C8122129D407}.Debug|Any CPU.ActiveCfg = Debug|Any CPU
		{48A07BB6-7D34-425A-8BB7-C8122129D407}.Debug|Any CPU.Build.0 = Debug|Any CPU
		{48A07BB6-7D34-425A-8BB7-C8122129D407}.Release|Any CPU.ActiveCfg = Release|Any CPU
		{48A07BB6-7D34-425A-8BB7-C8122129D407}.Release|Any CPU.Build.0 = Release|Any CPU
	EndGlobalSection
	GlobalSection(SolutionProperties) = preSolution
		HideSolutionNode = FALSE
	EndGlobalSection
	GlobalSection(ExtensibilityGlobals) = postSolution
		SolutionGuid = {2A1240A7-195E-4B16-8551-FA73B7B738E6}
	EndGlobalSection
EndGlobal
